
Microsoft Visual Studio Solution File, Format Version 12.00
# Visual Studio Version 17
VisualStudioVersion = 17.8.34408.163
MinimumVisualStudioVersion = 10.0.40219.1
Project("{FAE04EC0-301F-11D3-BF4B-00C04F79EFBC}") = "ServerClient", "ServerClient\ServerClient.csproj", "{63B4BA23-8DAA-4E72-9208-BF2345770F6F}"
EndProject
Project("{FAE04EC0-301F-11D3-BF4B-00C04F79EFBC}") = "Server", "Server\Server.csproj", "{7465C7C5-375D-4921-907D-1D2DA16CB65A}"
EndProject
Global
	GlobalSection(SolutionConfigurationPlatforms) = preSolution
		Debug|Any CPU = Debug|Any CPU
		Release|Any CPU = Release|Any CPU
	EndGlobalSection
	GlobalSection(ProjectConfigurationPlatforms) = postSolution
		{63B4BA23-8DAA-4E72-9208-BF2345770F6F}.Debug|Any CPU.ActiveCfg = Debug|Any CPU
		{63B4BA23-8DAA-4E72-9208-BF2345770F6F}.Debug|Any CPU.Build.0 = Debug|Any CPU
		{63B4BA23-8DAA-4E72-9208-BF2345770F6F}.Release|Any CPU.ActiveCfg = Release|Any CPU
		{63B4BA23-8DAA-4E72-9208-BF2345770F6F}.Release|Any CPU.Build.0 = Release|Any CPU
		{7465C7C5-375D-4921-907D-1D2DA16CB65A}.Debug|Any CPU.ActiveCfg = Debug|Any CPU
		{7465C7C5-375D-4921-907D-1D2DA16CB65A}.Debug|Any CPU.Build.0 = Debug|Any CPU
		{7465C7C5-375D-4921-907D-1D2DA16CB65A}.Release|Any CPU.ActiveCfg = Release|Any CPU
		{7465C7C5-375D-4921-907D-1D2DA16CB65A}.Release|Any CPU.Build.0 = Release|Any CPU
	EndGlobalSection
	GlobalSection(SolutionProperties) = preSolution
		HideSolutionNode = FALSE
	EndGlobalSection
	GlobalSection(ExtensibilityGlobals) = postSolution
		SolutionGuid = {CC27F49A-260A-4936-B285-AF34E6F3EFD2}
	EndGlobalSection
EndGlobal
